
Microsoft Visual Studio Solution File, Format Version 12.00
# Visual Studio Version 17
VisualStudioVersion = 17.2.32630.192
MinimumVisualStudioVersion = 10.0.40219.1
Project("{FAE04EC0-301F-11D3-BF4B-00C04F79EFBC}") = "verDoc", "verDoc\verDoc.csproj", "{311364AD-4F7E-4E2F-BC1B-59F818E23415}"
EndProject
Global
	GlobalSection(SolutionConfigurationPlatforms) = preSolution
		Debug|Any CPU = Debug|Any CPU
		Release|Any CPU = Release|Any CPU
	EndGlobalSection
	GlobalSection(ProjectConfigurationPlatforms) = postSolution
		{311364AD-4F7E-4E2F-BC1B-59F818E23415}.Debug|Any CPU.ActiveCfg = Debug|Any CPU
		{311364AD-4F7E-4E2F-BC1B-59F818E23415}.Debug|Any CPU.Build.0 = Debug|Any CPU
		{311364AD-4F7E-4E2F-BC1B-59F818E23415}.Release|Any CPU.ActiveCfg = Release|Any CPU
		{311364AD-4F7E-4E2F-BC1B-59F818E23415}.Release|Any CPU.Build.0 = Release|Any CPU
	EndGlobalSection
	GlobalSection(SolutionProperties) = preSolution
		HideSolutionNode = FALSE
	EndGlobalSection
	GlobalSection(ExtensibilityGlobals) = postSolution
		SolutionGuid = {DFE34189-AE6E-47C5-8048-BD1941BB6AEA}
	EndGlobalSection
EndGlobal
